// !$*UTF8*$!
{
	archiveVersion = 1;
	classes = {
	};
	objectVersion = 46;
	objects = {

/* Begin PBXBuildFile section */
		009279CF1DAAE1AA00395598 /* MemeTextFieldDelegate.swift in Sources */ = {isa = PBXBuildFile; fileRef = 009279CE1DAAE1AA00395598 /* MemeTextFieldDelegate.swift */; };
		009279D21DAAEEFF00395598 /* Meme.swift in Sources */ = {isa = PBXBuildFile; fileRef = 009279D11DAAEEFF00395598 /* Meme.swift */; };
		00DFF92E1D8A238800118433 /* AppDelegate.swift in Sources */ = {isa = PBXBuildFile; fileRef = 00DFF92D1D8A238800118433 /* AppDelegate.swift */; };
		00DFF9301D8A238800118433 /* ViewController.swift in Sources */ = {isa = PBXBuildFile; fileRef = 00DFF92F1D8A238800118433 /* ViewController.swift */; };
		00DFF9331D8A238800118433 /* Main.storyboard in Resources */ = {isa = PBXBuildFile; fileRef = 00DFF9311D8A238800118433 /* Main.storyboard */; };
		00DFF9351D8A238900118433 /* Assets.xcassets in Resources */ = {isa = PBXBuildFile; fileRef = 00DFF9341D8A238900118433 /* Assets.xcassets */; };
		00DFF9381D8A238900118433 /* LaunchScreen.storyboard in Resources */ = {isa = PBXBuildFile; fileRef = 00DFF9361D8A238900118433 /* LaunchScreen.storyboard */; };
		00DFF9431D8A238900118433 /* MemeMeTests.swift in Sources */ = {isa = PBXBuildFile; fileRef = 00DFF9421D8A238900118433 /* MemeMeTests.swift */; };
		00DFF94E1D8A238900118433 /* MemeMeUITests.swift in Sources */ = {isa = PBXBuildFile; fileRef = 00DFF94D1D8A238900118433 /* MemeMeUITests.swift */; };
		00FC72D01DB06FB200FF9B35 /* SentMemeCollectionViewController.swift in Sources */ = {isa = PBXBuildFile; fileRef = 00FC72CF1DB06FB100FF9B35 /* SentMemeCollectionViewController.swift */; };
		00FC72D21DB06FDD00FF9B35 /* SentMemeTableViewController.swift in Sources */ = {isa = PBXBuildFile; fileRef = 00FC72D11DB06FDD00FF9B35 /* SentMemeTableViewController.swift */; };
		00FC72D41DB0754600FF9B35 /* MemeCollectionViewCell.swift in Sources */ = {isa = PBXBuildFile; fileRef = 00FC72D31DB0754600FF9B35 /* MemeCollectionViewCell.swift */; };
		00FC72D61DB3DA9D00FF9B35 /* MemeDetailViewController.swift in Sources */ = {isa = PBXBuildFile; fileRef = 00FC72D51DB3DA9D00FF9B35 /* MemeDetailViewController.swift */; };
/* End PBXBuildFile section */

/* Begin PBXContainerItemProxy section */
		00DFF93F1D8A238900118433 /* PBXContainerItemProxy */ = {
			isa = PBXContainerItemProxy;
			containerPortal = 00DFF9221D8A238800118433 /* Project object */;
			proxyType = 1;
			remoteGlobalIDString = 00DFF9291D8A238800118433;
			remoteInfo = MemeMe;
		};
		00DFF94A1D8A238900118433 /* PBXContainerItemProxy */ = {
			isa = PBXContainerItemProxy;
			containerPortal = 00DFF9221D8A238800118433 /* Project object */;
			proxyType = 1;
			remoteGlobalIDString = 00DFF9291D8A238800118433;
			remoteInfo = MemeMe;
		};
/* End PBXContainerItemProxy section */

/* Begin PBXFileReference section */
		009279CE1DAAE1AA00395598 /* MemeTextFieldDelegate.swift */ = {isa = PBXFileReference; fileEncoding = 4; lastKnownFileType = sourcecode.swift; path = MemeTextFieldDelegate.swift; sourceTree = "<group>"; };
		009279D11DAAEEFF00395598 /* Meme.swift */ = {isa = PBXFileReference; fileEncoding = 4; lastKnownFileType = sourcecode.swift; path = Meme.swift; sourceTree = "<group>"; };
		00DFF92A1D8A238800118433 /* MemeMe.app */ = {isa = PBXFileReference; explicitFileType = wrapper.application; includeInIndex = 0; path = MemeMe.app; sourceTree = BUILT_PRODUCTS_DIR; };
		00DFF92D1D8A238800118433 /* AppDelegate.swift */ = {isa = PBXFileReference; lastKnownFileType = sourcecode.swift; path = AppDelegate.swift; sourceTree = "<group>"; };
		00DFF92F1D8A238800118433 /* ViewController.swift */ = {isa = PBXFileReference; lastKnownFileType = sourcecode.swift; path = ViewController.swift; sourceTree = "<group>"; };
		00DFF9321D8A238800118433 /* Base */ = {isa = PBXFileReference; lastKnownFileType = file.storyboard; name = Base; path = Base.lproj/Main.storyboard; sourceTree = "<group>"; };
		00DFF9341D8A238900118433 /* Assets.xcassets */ = {isa = PBXFileReference; lastKnownFileType = folder.assetcatalog; path = Assets.xcassets; sourceTree = "<group>"; };
		00DFF9371D8A238900118433 /* Base */ = {isa = PBXFileReference; lastKnownFileType = file.storyboard; name = Base; path = Base.lproj/LaunchScreen.storyboard; sourceTree = "<group>"; };
		00DFF9391D8A238900118433 /* Info.plist */ = {isa = PBXFileReference; lastKnownFileType = text.plist.xml; path = Info.plist; sourceTree = "<group>"; };
		00DFF93E1D8A238900118433 /* MemeMeTests.xctest */ = {isa = PBXFileReference; explicitFileType = wrapper.cfbundle; includeInIndex = 0; path = MemeMeTests.xctest; sourceTree = BUILT_PRODUCTS_DIR; };
		00DFF9421D8A238900118433 /* MemeMeTests.swift */ = {isa = PBXFileReference; lastKnownFileType = sourcecode.swift; path = MemeMeTests.swift; sourceTree = "<group>"; };
		00DFF9441D8A238900118433 /* Info.plist */ = {isa = PBXFileReference; lastKnownFileType = text.plist.xml; path = Info.plist; sourceTree = "<group>"; };
		00DFF9491D8A238900118433 /* MemeMeUITests.xctest */ = {isa = PBXFileReference; explicitFileType = wrapper.cfbundle; includeInIndex = 0; path = MemeMeUITests.xctest; sourceTree = BUILT_PRODUCTS_DIR; };
		00DFF94D1D8A238900118433 /* MemeMeUITests.swift */ = {isa = PBXFileReference; lastKnownFileType = sourcecode.swift; path = MemeMeUITests.swift; sourceTree = "<group>"; };
		00DFF94F1D8A238900118433 /* Info.plist */ = {isa = PBXFileReference; lastKnownFileType = text.plist.xml; path = Info.plist; sourceTree = "<group>"; };
		00FC72CF1DB06FB100FF9B35 /* SentMemeCollectionViewController.swift */ = {isa = PBXFileReference; fileEncoding = 4; lastKnownFileType = sourcecode.swift; path = SentMemeCollectionViewController.swift; sourceTree = "<group>"; };
		00FC72D11DB06FDD00FF9B35 /* SentMemeTableViewController.swift */ = {isa = PBXFileReference; fileEncoding = 4; lastKnownFileType = sourcecode.swift; path = SentMemeTableViewController.swift; sourceTree = "<group>"; };
		00FC72D31DB0754600FF9B35 /* MemeCollectionViewCell.swift */ = {isa = PBXFileReference; fileEncoding = 4; lastKnownFileType = sourcecode.swift; path = MemeCollectionViewCell.swift; sourceTree = "<group>"; };
		00FC72D51DB3DA9D00FF9B35 /* MemeDetailViewController.swift */ = {isa = PBXFileReference; fileEncoding = 4; lastKnownFileType = sourcecode.swift; path = MemeDetailViewController.swift; sourceTree = "<group>"; };
/* End PBXFileReference section */

/* Begin PBXFrameworksBuildPhase section */
		00DFF9271D8A238800118433 /* Frameworks */ = {
			isa = PBXFrameworksBuildPhase;
			buildActionMask = 2147483647;
			files = (
			);
			runOnlyForDeploymentPostprocessing = 0;
		};
		00DFF93B1D8A238900118433 /* Frameworks */ = {
			isa = PBXFrameworksBuildPhase;
			buildActionMask = 2147483647;
			files = (
			);
			runOnlyForDeploymentPostprocessing = 0;
		};
		00DFF9461D8A238900118433 /* Frameworks */ = {
			isa = PBXFrameworksBuildPhase;
			buildActionMask = 2147483647;
			files = (
			);
			runOnlyForDeploymentPostprocessing = 0;
		};
/* End PBXFrameworksBuildPhase section */

/* Begin PBXGroup section */
		009279CD1DAAE17D00395598 /* Delegates */ = {
			isa = PBXGroup;
			children = (
				009279CE1DAAE1AA00395598 /* MemeTextFieldDelegate.swift */,
			);
			name = Delegates;
			sourceTree = "<group>";
		};
		009279D01DAAEEED00395598 /* Struct */ = {
			isa = PBXGroup;
			children = (
				009279D11DAAEEFF00395598 /* Meme.swift */,
			);
			name = Struct;
			sourceTree = "<group>";
		};
		00DFF9211D8A238800118433 = {
			isa = PBXGroup;
			children = (
				00DFF92C1D8A238800118433 /* MemeMe */,
				00DFF9411D8A238900118433 /* MemeMeTests */,
				00DFF94C1D8A238900118433 /* MemeMeUITests */,
				00DFF92B1D8A238800118433 /* Products */,
			);
			sourceTree = "<group>";
		};
		00DFF92B1D8A238800118433 /* Products */ = {
			isa = PBXGroup;
			children = (
				00DFF92A1D8A238800118433 /* MemeMe.app */,
				00DFF93E1D8A238900118433 /* MemeMeTests.xctest */,
				00DFF9491D8A238900118433 /* MemeMeUITests.xctest */,
			);
			name = Products;
			sourceTree = "<group>";
		};
		00DFF92C1D8A238800118433 /* MemeMe */ = {
			isa = PBXGroup;
			children = (
				009279D01DAAEEED00395598 /* Struct */,
				009279CD1DAAE17D00395598 /* Delegates */,
				00DFF92D1D8A238800118433 /* AppDelegate.swift */,
				00DFF92F1D8A238800118433 /* ViewController.swift */,
				00DFF9311D8A238800118433 /* Main.storyboard */,
				00DFF9341D8A238900118433 /* Assets.xcassets */,
				00DFF9361D8A238900118433 /* LaunchScreen.storyboard */,
				00DFF9391D8A238900118433 /* Info.plist */,
				00FC72CF1DB06FB100FF9B35 /* SentMemeCollectionViewController.swift */,
				00FC72D11DB06FDD00FF9B35 /* SentMemeTableViewController.swift */,
				00FC72D31DB0754600FF9B35 /* MemeCollectionViewCell.swift */,
				00FC72D51DB3DA9D00FF9B35 /* MemeDetailViewController.swift */,
			);
			path = MemeMe;
			sourceTree = "<group>";
		};
		00DFF9411D8A238900118433 /* MemeMeTests */ = {
			isa = PBXGroup;
			children = (
				00DFF9421D8A238900118433 /* MemeMeTests.swift */,
				00DFF9441D8A238900118433 /* Info.plist */,
			);
			path = MemeMeTests;
			sourceTree = "<group>";
		};
		00DFF94C1D8A238900118433 /* MemeMeUITests */ = {
			isa = PBXGroup;
			children = (
				00DFF94D1D8A238900118433 /* MemeMeUITests.swift */,
				00DFF94F1D8A238900118433 /* Info.plist */,
			);
			path = MemeMeUITests;
			sourceTree = "<group>";
		};
/* End PBXGroup section */

/* Begin PBXNativeTarget section */
		00DFF9291D8A238800118433 /* MemeMe */ = {
			isa = PBXNativeTarget;
			buildConfigurationList = 00DFF9521D8A238900118433 /* Build configuration list for PBXNativeTarget "MemeMe" */;
			buildPhases = (
				00DFF9261D8A238800118433 /* Sources */,
				00DFF9271D8A238800118433 /* Frameworks */,
				00DFF9281D8A238800118433 /* Resources */,
			);
			buildRules = (
			);
			dependencies = (
			);
			name = MemeMe;
			productName = MemeMe;
			productReference = 00DFF92A1D8A238800118433 /* MemeMe.app */;
			productType = "com.apple.product-type.application";
		};
		00DFF93D1D8A238900118433 /* MemeMeTests */ = {
			isa = PBXNativeTarget;
			buildConfigurationList = 00DFF9551D8A238900118433 /* Build configuration list for PBXNativeTarget "MemeMeTests" */;
			buildPhases = (
				00DFF93A1D8A238900118433 /* Sources */,
				00DFF93B1D8A238900118433 /* Frameworks */,
				00DFF93C1D8A238900118433 /* Resources */,
			);
			buildRules = (
			);
			dependencies = (
				00DFF9401D8A238900118433 /* PBXTargetDependency */,
			);
			name = MemeMeTests;
			productName = MemeMeTests;
			productReference = 00DFF93E1D8A238900118433 /* MemeMeTests.xctest */;
			productType = "com.apple.product-type.bundle.unit-test";
		};
		00DFF9481D8A238900118433 /* MemeMeUITests */ = {
			isa = PBXNativeTarget;
			buildConfigurationList = 00DFF9581D8A238900118433 /* Build configuration list for PBXNativeTarget "MemeMeUITests" */;
			buildPhases = (
				00DFF9451D8A238900118433 /* Sources */,
				00DFF9461D8A238900118433 /* Frameworks */,
				00DFF9471D8A238900118433 /* Resources */,
			);
			buildRules = (
			);
			dependencies = (
				00DFF94B1D8A238900118433 /* PBXTargetDependency */,
			);
			name = MemeMeUITests;
			productName = MemeMeUITests;
			productReference = 00DFF9491D8A238900118433 /* MemeMeUITests.xctest */;
			productType = "com.apple.product-type.bundle.ui-testing";
		};
/* End PBXNativeTarget section */

/* Begin PBXProject section */
		00DFF9221D8A238800118433 /* Project object */ = {
			isa = PBXProject;
			attributes = {
				LastSwiftUpdateCheck = 0730;
				LastUpgradeCheck = 0800;
				ORGANIZATIONNAME = zenkiu;
				TargetAttributes = {
					00DFF9291D8A238800118433 = {
						CreatedOnToolsVersion = 7.3.1;
						DevelopmentTeam = GLG6UUPRG8;
						LastSwiftMigration = 0800;
						ProvisioningStyle = Automatic;
					};
					00DFF93D1D8A238900118433 = {
						CreatedOnToolsVersion = 7.3.1;
						DevelopmentTeam = GLG6UUPRG8;
						LastSwiftMigration = 0800;
						TestTargetID = 00DFF9291D8A238800118433;
					};
					00DFF9481D8A238900118433 = {
						CreatedOnToolsVersion = 7.3.1;
						DevelopmentTeam = GLG6UUPRG8;
						LastSwiftMigration = 0800;
						TestTargetID = 00DFF9291D8A238800118433;
					};
				};
			};
			buildConfigurationList = 00DFF9251D8A238800118433 /* Build configuration list for PBXProject "MemeMe" */;
			compatibilityVersion = "Xcode 3.2";
			developmentRegion = English;
			hasScannedForEncodings = 0;
			knownRegions = (
				en,
				Base,
			);
			mainGroup = 00DFF9211D8A238800118433;
			productRefGroup = 00DFF92B1D8A238800118433 /* Products */;
			projectDirPath = "";
			projectRoot = "";
			targets = (
				00DFF9291D8A238800118433 /* MemeMe */,
				00DFF93D1D8A238900118433 /* MemeMeTests */,
				00DFF9481D8A238900118433 /* MemeMeUITests */,
			);
		};
/* End PBXProject section */

/* Begin PBXResourcesBuildPhase section */
		00DFF9281D8A238800118433 /* Resources */ = {
			isa = PBXResourcesBuildPhase;
			buildActionMask = 2147483647;
			files = (
				00DFF9381D8A238900118433 /* LaunchScreen.storyboard in Resources */,
				00DFF9351D8A238900118433 /* Assets.xcassets in Resources */,
				00DFF9331D8A238800118433 /* Main.storyboard in Resources */,
			);
			runOnlyForDeploymentPostprocessing = 0;
		};
		00DFF93C1D8A238900118433 /* Resources */ = {
			isa = PBXResourcesBuildPhase;
			buildActionMask = 2147483647;
			files = (
			);
			runOnlyForDeploymentPostprocessing = 0;
		};
		00DFF9471D8A238900118433 /* Resources */ = {
			isa = PBXResourcesBuildPhase;
			buildActionMask = 2147483647;
			files = (
			);
			runOnlyForDeploymentPostprocessing = 0;
		};
/* End PBXResourcesBuildPhase section */

/* Begin PBXSourcesBuildPhase section */
		00DFF9261D8A238800118433 /* Sources */ = {
			isa = PBXSourcesBuildPhase;
			buildActionMask = 2147483647;
			files = (
				00DFF9301D8A238800118433 /* ViewController.swift in Sources */,
				00FC72D01DB06FB200FF9B35 /* SentMemeCollectionViewController.swift in Sources */,
				009279D21DAAEEFF00395598 /* Meme.swift in Sources */,
				009279CF1DAAE1AA00395598 /* MemeTextFieldDelegate.swift in Sources */,
				00FC72D41DB0754600FF9B35 /* MemeCollectionViewCell.swift in Sources */,
				00DFF92E1D8A238800118433 /* AppDelegate.swift in Sources */,
				00FC72D21DB06FDD00FF9B35 /* SentMemeTableViewController.swift in Sources */,
				00FC72D61DB3DA9D00FF9B35 /* MemeDetailViewController.swift in Sources */,
			);
			runOnlyForDeploymentPostprocessing = 0;
		};
		00DFF93A1D8A238900118433 /* Sources */ = {
			isa = PBXSourcesBuildPhase;
			buildActionMask = 2147483647;
			files = (
				00DFF9431D8A238900118433 /* MemeMeTests.swift in Sources */,
			);
			runOnlyForDeploymentPostprocessing = 0;
		};
		00DFF9451D8A238900118433 /* Sources */ = {
			isa = PBXSourcesBuildPhase;
			buildActionMask = 2147483647;
			files = (
				00DFF94E1D8A238900118433 /* MemeMeUITests.swift in Sources */,
			);
			runOnlyForDeploymentPostprocessing = 0;
		};
/* End PBXSourcesBuildPhase section */

/* Begin PBXTargetDependency section */
		00DFF9401D8A238900118433 /* PBXTargetDependency */ = {
			isa = PBXTargetDependency;
			target = 00DFF9291D8A238800118433 /* MemeMe */;
			targetProxy = 00DFF93F1D8A238900118433 /* PBXContainerItemProxy */;
		};
		00DFF94B1D8A238900118433 /* PBXTargetDependency */ = {
			isa = PBXTargetDependency;
			target = 00DFF9291D8A238800118433 /* MemeMe */;
			targetProxy = 00DFF94A1D8A238900118433 /* PBXContainerItemProxy */;
		};
/* End PBXTargetDependency section */

/* Begin PBXVariantGroup section */
		00DFF9311D8A238800118433 /* Main.storyboard */ = {
			isa = PBXVariantGroup;
			children = (
				00DFF9321D8A238800118433 /* Base */,
			);
			name = Main.storyboard;
			sourceTree = "<group>";
		};
		00DFF9361D8A238900118433 /* LaunchScreen.storyboard */ = {
			isa = PBXVariantGroup;
			children = (
				00DFF9371D8A238900118433 /* Base */,
			);
			name = LaunchScreen.storyboard;
			sourceTree = "<group>";
		};
/* End PBXVariantGroup section */

/* Begin XCBuildConfiguration section */
		00DFF9501D8A238900118433 /* Debug */ = {
			isa = XCBuildConfiguration;
			buildSettings = {
				ALWAYS_SEARCH_USER_PATHS = NO;
				CLANG_ANALYZER_NONNULL = YES;
				CLANG_CXX_LANGUAGE_STANDARD = "gnu++0x";
				CLANG_CXX_LIBRARY = "libc++";
				CLANG_ENABLE_MODULES = YES;
				CLANG_ENABLE_OBJC_ARC = YES;
				CLANG_WARN_BOOL_CONVERSION = YES;
				CLANG_WARN_CONSTANT_CONVERSION = YES;
				CLANG_WARN_DIRECT_OBJC_ISA_USAGE = YES_ERROR;
				CLANG_WARN_EMPTY_BODY = YES;
				CLANG_WARN_ENUM_CONVERSION = YES;
				CLANG_WARN_INFINITE_RECURSION = YES;
				CLANG_WARN_INT_CONVERSION = YES;
				CLANG_WARN_OBJC_ROOT_CLASS = YES_ERROR;
				CLANG_WARN_SUSPICIOUS_MOVE = YES;
				CLANG_WARN_UNREACHABLE_CODE = YES;
				CLANG_WARN__DUPLICATE_METHOD_MATCH = YES;
				"CODE_SIGN_IDENTITY[sdk=iphoneos*]" = "iPhone Developer";
				COPY_PHASE_STRIP = NO;
				DEBUG_INFORMATION_FORMAT = dwarf;
				ENABLE_STRICT_OBJC_MSGSEND = YES;
				ENABLE_TESTABILITY = YES;
				GCC_C_LANGUAGE_STANDARD = gnu99;
				GCC_DYNAMIC_NO_PIC = NO;
				GCC_NO_COMMON_BLOCKS = YES;
				GCC_OPTIMIZATION_LEVEL = 0;
				GCC_PREPROCESSOR_DEFINITIONS = (
					"DEBUG=1",
					"$(inherited)",
				);
				GCC_WARN_64_TO_32_BIT_CONVERSION = YES;
				GCC_WARN_ABOUT_RETURN_TYPE = YES_ERROR;
				GCC_WARN_UNDECLARED_SELECTOR = YES;
				GCC_WARN_UNINITIALIZED_AUTOS = YES_AGGRESSIVE;
				GCC_WARN_UNUSED_FUNCTION = YES;
				GCC_WARN_UNUSED_VARIABLE = YES;
				IPHONEOS_DEPLOYMENT_TARGET = 10.0;
				MTL_ENABLE_DEBUG_INFO = YES;
				ONLY_ACTIVE_ARCH = YES;
				SDKROOT = iphoneos;
				SWIFT_OPTIMIZATION_LEVEL = "-Onone";
			};
			name = Debug;
		};
		00DFF9511D8A238900118433 /* Release */ = {
			isa = XCBuildConfiguration;
			buildSettings = {
				ALWAYS_SEARCH_USER_PATHS = NO;
				CLANG_ANALYZER_NONNULL = YES;
				CLANG_CXX_LANGUAGE_STANDARD = "gnu++0x";
				CLANG_CXX_LIBRARY = "libc++";
				CLANG_ENABLE_MODULES = YES;
				CLANG_ENABLE_OBJC_ARC = YES;
				CLANG_WARN_BOOL_CONVERSION = YES;
				CLANG_WARN_CONSTANT_CONVERSION = YES;
				CLANG_WARN_DIRECT_OBJC_ISA_USAGE = YES_ERROR;
				CLANG_WARN_EMPTY_BODY = YES;
				CLANG_WARN_ENUM_CONVERSION = YES;
				CLANG_WARN_INFINITE_RECURSION = YES;
				CLANG_WARN_INT_CONVERSION = YES;
				CLANG_WARN_OBJC_ROOT_CLASS = YES_ERROR;
				CLANG_WARN_SUSPICIOUS_MOVE = YES;
				CLANG_WARN_UNREACHABLE_CODE = YES;
				CLANG_WARN__DUPLICATE_METHOD_MATCH = YES;
				"CODE_SIGN_IDENTITY[sdk=iphoneos*]" = "iPhone Developer";
				COPY_PHASE_STRIP = NO;
				DEBUG_INFORMATION_FORMAT = "dwarf-with-dsym";
				ENABLE_NS_ASSERTIONS = NO;
				ENABLE_STRICT_OBJC_MSGSEND = YES;
				GCC_C_LANGUAGE_STANDARD = gnu99;
				GCC_NO_COMMON_BLOCKS = YES;
				GCC_WARN_64_TO_32_BIT_CONVERSION = YES;
				GCC_WARN_ABOUT_RETURN_TYPE = YES_ERROR;
				GCC_WARN_UNDECLARED_SELECTOR = YES;
				GCC_WARN_UNINITIALIZED_AUTOS = YES_AGGRESSIVE;
				GCC_WARN_UNUSED_FUNCTION = YES;
				GCC_WARN_UNUSED_VARIABLE = YES;
				IPHONEOS_DEPLOYMENT_TARGET = 10.0;
				MTL_ENABLE_DEBUG_INFO = NO;
				SDKROOT = iphoneos;
				SWIFT_OPTIMIZATION_LEVEL = "-Owholemodule";
				VALIDATE_PRODUCT = YES;
			};
			name = Release;
		};
		00DFF9531D8A238900118433 /* Debug */ = {
			isa = XCBuildConfiguration;
			buildSettings = {
				ASSETCATALOG_COMPILER_APPICON_NAME = AppIcon;
				CODE_SIGN_IDENTITY = "iPhone Developer";
				"CODE_SIGN_IDENTITY[sdk=iphoneos*]" = "iPhone Developer";
				DEVELOPMENT_TEAM = GLG6UUPRG8;
				INFOPLIST_FILE = MemeMe/Info.plist;
				IPHONEOS_DEPLOYMENT_TARGET = 10.0;
				LD_RUNPATH_SEARCH_PATHS = "$(inherited) @executable_path/Frameworks";
				PRODUCT_BUNDLE_IDENTIFIER = com.udacity.MemeMeTwo;
				PRODUCT_NAME = "$(TARGET_NAME)";
				SWIFT_VERSION = 3.0;
				TARGETED_DEVICE_FAMILY = 1;
			};
			name = Debug;
		};
		00DFF9541D8A238900118433 /* Release */ = {
			isa = XCBuildConfiguration;
			buildSettings = {
				ASSETCATALOG_COMPILER_APPICON_NAME = AppIcon;
				CODE_SIGN_IDENTITY = "iPhone Developer";
				"CODE_SIGN_IDENTITY[sdk=iphoneos*]" = "iPhone Developer";
				DEVELOPMENT_TEAM = GLG6UUPRG8;
				INFOPLIST_FILE = MemeMe/Info.plist;
				IPHONEOS_DEPLOYMENT_TARGET = 10.0;
				LD_RUNPATH_SEARCH_PATHS = "$(inherited) @executable_path/Frameworks";
				PRODUCT_BUNDLE_IDENTIFIER = com.udacity.MemeMeTwo;
				PRODUCT_NAME = "$(TARGET_NAME)";
				SWIFT_VERSION = 3.0;
				TARGETED_DEVICE_FAMILY = 1;
			};
			name = Release;
		};
		00DFF9561D8A238900118433 /* Debug */ = {
			isa = XCBuildConfiguration;
			buildSettings = {
				BUNDLE_LOADER = "$(TEST_HOST)";
				INFOPLIST_FILE = MemeMeTests/Info.plist;
				LD_RUNPATH_SEARCH_PATHS = "$(inherited) @executable_path/Frameworks @loader_path/Frameworks";
				PRODUCT_BUNDLE_IDENTIFIER = com.udacity.MemeMeTests;
				PRODUCT_NAME = "$(TARGET_NAME)";
				SWIFT_VERSION = 3.0;
				TEST_HOST = "$(BUILT_PRODUCTS_DIR)/MemeMe.app/MemeMe";
			};
			name = Debug;
		};
		00DFF9571D8A238900118433 /* Release */ = {
			isa = XCBuildConfiguration;
			buildSettings = {
				BUNDLE_LOADER = "$(TEST_HOST)";
				INFOPLIST_FILE = MemeMeTests/Info.plist;
				LD_RUNPATH_SEARCH_PATHS = "$(inherited) @executable_path/Frameworks @loader_path/Frameworks";
				PRODUCT_BUNDLE_IDENTIFIER = com.udacity.MemeMeTests;
				PRODUCT_NAME = "$(TARGET_NAME)";
				SWIFT_VERSION = 3.0;
				TEST_HOST = "$(BUILT_PRODUCTS_DIR)/MemeMe.app/MemeMe";
			};
			name = Release;
		};
		00DFF9591D8A238900118433 /* Debug */ = {
			isa = XCBuildConfiguration;
			buildSettings = {
				INFOPLIST_FILE = MemeMeUITests/Info.plist;
				LD_RUNPATH_SEARCH_PATHS = "$(inherited) @executable_path/Frameworks @loader_path/Frameworks";
				PRODUCT_BUNDLE_IDENTIFIER = com.udacity.MemeMeUITests;
				PRODUCT_NAME = "$(TARGET_NAME)";
				SWIFT_VERSION = 3.0;
				TEST_TARGET_NAME = MemeMe;
			};
			name = Debug;
		};
		00DFF95A1D8A238900118433 /* Release */ = {
			isa = XCBuildConfiguration;
			buildSettings = {
				INFOPLIST_FILE = MemeMeUITests/Info.plist;
				LD_RUNPATH_SEARCH_PATHS = "$(inherited) @executable_path/Frameworks @loader_path/Frameworks";
				PRODUCT_BUNDLE_IDENTIFIER = com.udacity.MemeMeUITests;
				PRODUCT_NAME = "$(TARGET_NAME)";
				SWIFT_VERSION = 3.0;
				TEST_TARGET_NAME = MemeMe;
			};
			name = Release;
		};
/* End XCBuildConfiguration section */

/* Begin XCConfigurationList section */
		00DFF9251D8A238800118433 /* Build configuration list for PBXProject "MemeMe" */ = {
			isa = XCConfigurationList;
			buildConfigurations = (
				00DFF9501D8A238900118433 /* Debug */,
				00DFF9511D8A238900118433 /* Release */,
			);
			defaultConfigurationIsVisible = 0;
			defaultConfigurationName = Release;
		};
		00DFF9521D8A238900118433 /* Build configuration list for PBXNativeTarget "MemeMe" */ = {
			isa = XCConfigurationList;
			buildConfigurations = (
				00DFF9531D8A238900118433 /* Debug */,
				00DFF9541D8A238900118433 /* Release */,
			);
			defaultConfigurationIsVisible = 0;
			defaultConfigurationName = Release;
		};
		00DFF9551D8A238900118433 /* Build configuration list for PBXNativeTarget "MemeMeTests" */ = {
			isa = XCConfigurationList;
			buildConfigurations = (
				00DFF9561D8A238900118433 /* Debug */,
				00DFF9571D8A238900118433 /* Release */,
			);
			defaultConfigurationIsVisible = 0;
			defaultConfigurationName = Release;
		};
		00DFF9581D8A238900118433 /* Build configuration list for PBXNativeTarget "MemeMeUITests" */ = {
			isa = XCConfigurationList;
			buildConfigurations = (
				00DFF9591D8A238900118433 /* Debug */,
				00DFF95A1D8A238900118433 /* Release */,
			);
			defaultConfigurationIsVisible = 0;
			defaultConfigurationName = Release;
		};
/* End XCConfigurationList section */
	};
	rootObject = 00DFF9221D8A238800118433 /* Project object */;
}
